
Microsoft Visual Studio Solution File, Format Version 12.00
# Visual Studio Version 16
VisualStudioVersion = 16.0.30204.135
MinimumVisualStudioVersion = 10.0.40219.1
Project("{8BC9CEB8-8B4A-11D0-8D11-00A0C91BC942}") = "Client", "Client\Client.vcxproj", "{3CC9E7D2-BFC4-42BD-A87A-528A3728AD4D}"
EndProject
Project("{8BC9CEB8-8B4A-11D0-8D11-00A0C91BC942}") = "Server", "Server\Server.vcxproj", "{290CD81B-AD59-46B6-8B89-AEE2F0783542}"
EndProject
Global
	GlobalSection(SolutionConfigurationPlatforms) = preSolution
		Debug|x64 = Debug|x64
		Debug|x86 = Debug|x86
		Release|x64 = Release|x64
		Release|x86 = Release|x86
	EndGlobalSection
	GlobalSection(ProjectConfigurationPlatforms) = postSolution
		{3CC9E7D2-BFC4-42BD-A87A-528A3728AD4D}.Debug|x64.ActiveCfg = Debug|x64
		{3CC9E7D2-BFC4-42BD-A87A-528A3728AD4D}.Debug|x64.Build.0 = Debug|x64
		{3CC9E7D2-BFC4-42BD-A87A-528A3728AD4D}.Debug|x86.ActiveCfg = Debug|Win32
		{3CC9E7D2-BFC4-42BD-A87A-528A3728AD4D}.Debug|x86.Build.0 = Debug|Win32
		{3CC9E7D2-BFC4-42BD-A87A-528A3728AD4D}.Release|x64.ActiveCfg = Release|x64
		{3CC9E7D2-BFC4-42BD-A87A-528A3728AD4D}.Release|x64.Build.0 = Release|x64
		{3CC9E7D2-BFC4-42BD-A87A-528A3728AD4D}.Release|x86.ActiveCfg = Release|Win32
		{3CC9E7D2-BFC4-42BD-A87A-528A3728AD4D}.Release|x86.Build.0 = Release|Win32
		{290CD81B-AD59-46B6-8B89-AEE2F0783542}.Debug|x64.ActiveCfg = Debug|x64
		{290CD81B-AD59-46B6-8B89-AEE2F0783542}.Debug|x64.Build.0 = Debug|x64
		{290CD81B-AD59-46B6-8B89-AEE2F0783542}.Debug|x86.ActiveCfg = Debug|Win32
		{290CD81B-AD59-46B6-8B89-AEE2F0783542}.Debug|x86.Build.0 = Debug|Win32
		{290CD81B-AD59-46B6-8B89-AEE2F0783542}.Release|x64.ActiveCfg = Release|x64
		{290CD81B-AD59-46B6-8B89-AEE2F0783542}.Release|x64.Build.0 = Release|x64
		{290CD81B-AD59-46B6-8B89-AEE2F0783542}.Release|x86.ActiveCfg = Release|Win32
		{290CD81B-AD59-46B6-8B89-AEE2F0783542}.Release|x86.Build.0 = Release|Win32
	EndGlobalSection
	GlobalSection(SolutionProperties) = preSolution
		HideSolutionNode = FALSE
	EndGlobalSection
	GlobalSection(ExtensibilityGlobals) = postSolution
		SolutionGuid = {89CFA6CB-0FFC-44F2-AFA1-0BD48529670F}
	EndGlobalSection
EndGlobal
